
Microsoft Visual Studio Solution File, Format Version 12.00
# Visual Studio Version 16
VisualStudioVersion = 16.0.30804.86
MinimumVisualStudioVersion = 10.0.40219.1
Project("{9A19103F-16F7-4668-BE54-9A1E7A4F7556}") = "EcomerceProject", "EcomerceProject.csproj", "{5BCBB844-3A67-4444-B5BC-AF302FE4011C}"
EndProject
Global
	GlobalSection(SolutionConfigurationPlatforms) = preSolution
		Debug|Any CPU = Debug|Any CPU
		Release|Any CPU = Release|Any CPU
	EndGlobalSection
	GlobalSection(ProjectConfigurationPlatforms) = postSolution
		{5BCBB844-3A67-4444-B5BC-AF302FE4011C}.Debug|Any CPU.ActiveCfg = Debug|Any CPU
		{5BCBB844-3A67-4444-B5BC-AF302FE4011C}.Debug|Any CPU.Build.0 = Debug|Any CPU
		{5BCBB844-3A67-4444-B5BC-AF302FE4011C}.Release|Any CPU.ActiveCfg = Release|Any CPU
		{5BCBB844-3A67-4444-B5BC-AF302FE4011C}.Release|Any CPU.Build.0 = Release|Any CPU
	EndGlobalSection
	GlobalSection(SolutionProperties) = preSolution
		HideSolutionNode = FALSE
	EndGlobalSection
	GlobalSection(ExtensibilityGlobals) = postSolution
		SolutionGuid = {C7A7FB42-3245-4965-AABC-9A510B4233E1}
	EndGlobalSection
EndGlobal
